// !$*UTF8*$!
{
	archiveVersion = 1;
	classes = {
	};
	objectVersion = 56;
	objects = {

/* Begin PBXBuildFile section */
		0C180F0E2A9CC09100DE6C24 /* ChipView.swift in Sources */ = {isa = PBXBuildFile; fileRef = 0C180F0D2A9CC09100DE6C24 /* ChipView.swift */; };
		0C180F112A9D2E6C00DE6C24 /* ChipViewImp.swift in Sources */ = {isa = PBXBuildFile; fileRef = 0C180F102A9D2E6C00DE6C24 /* ChipViewImp.swift */; };
		0C180F142A9D2E9600DE6C24 /* Extensions.swift in Sources */ = {isa = PBXBuildFile; fileRef = 0C180F132A9D2E9600DE6C24 /* Extensions.swift */; };
		0C54FC7C2A9F6C9F00AC1296 /* customTab.swift in Sources */ = {isa = PBXBuildFile; fileRef = 0C54FC7B2A9F6C9F00AC1296 /* customTab.swift */; };
		0C54FC7E2A9F726200AC1296 /* MainScreen.swift in Sources */ = {isa = PBXBuildFile; fileRef = 0C54FC7D2A9F726200AC1296 /* MainScreen.swift */; };
		0C54FC812A9F756800AC1296 /* WalletScreen.swift in Sources */ = {isa = PBXBuildFile; fileRef = 0C54FC802A9F756800AC1296 /* WalletScreen.swift */; };
		0C54FC832A9F808F00AC1296 /* CardView.swift in Sources */ = {isa = PBXBuildFile; fileRef = 0C54FC822A9F808F00AC1296 /* CardView.swift */; };
		0C54FC852A9F820600AC1296 /* AccountScreen.swift in Sources */ = {isa = PBXBuildFile; fileRef = 0C54FC842A9F820600AC1296 /* AccountScreen.swift */; };
		0C5768582AA094BD00AE4FC0 /* QuickAction.swift in Sources */ = {isa = PBXBuildFile; fileRef = 0C5768572AA094BD00AE4FC0 /* QuickAction.swift */; };
		0C57685C2AA0ADCA00AE4FC0 /* TopView.swift in Sources */ = {isa = PBXBuildFile; fileRef = 0C57685B2AA0ADCA00AE4FC0 /* TopView.swift */; };
		0C57685E2AA1182500AE4FC0 /* BuyAndSell.swift in Sources */ = {isa = PBXBuildFile; fileRef = 0C57685D2AA1182500AE4FC0 /* BuyAndSell.swift */; };
		0C6C8BB32ABA23C900DA4FB6 /* BuyTab.swift in Sources */ = {isa = PBXBuildFile; fileRef = 0C6C8BB22ABA23C900DA4FB6 /* BuyTab.swift */; };
		0C6C8BB62ABA280500DA4FB6 /* CurrencyModel.swift in Sources */ = {isa = PBXBuildFile; fileRef = 0C6C8BB52ABA280500DA4FB6 /* CurrencyModel.swift */; };
		0C6C8BB82ABA48E200DA4FB6 /* CurrencyView.swift in Sources */ = {isa = PBXBuildFile; fileRef = 0C6C8BB72ABA48E200DA4FB6 /* CurrencyView.swift */; };
		0CAFD7C52A9B618F0009D70E /* ZupagoApp.swift in Sources */ = {isa = PBXBuildFile; fileRef = 0CAFD7C42A9B618F0009D70E /* ZupagoApp.swift */; };
		0CAFD7C72A9B618F0009D70E /* ContentView.swift in Sources */ = {isa = PBXBuildFile; fileRef = 0CAFD7C62A9B618F0009D70E /* ContentView.swift */; };
		0CAFD7C92A9B61900009D70E /* Assets.xcassets in Resources */ = {isa = PBXBuildFile; fileRef = 0CAFD7C82A9B61900009D70E /* Assets.xcassets */; };
		0CAFD7CC2A9B61900009D70E /* Preview Assets.xcassets in Resources */ = {isa = PBXBuildFile; fileRef = 0CAFD7CB2A9B61900009D70E /* Preview Assets.xcassets */; };
		0CAFD7D62A9B61900009D70E /* ZupagoTests.swift in Sources */ = {isa = PBXBuildFile; fileRef = 0CAFD7D52A9B61900009D70E /* ZupagoTests.swift */; };
		0CAFD7E02A9B61900009D70E /* ZupagoUITests.swift in Sources */ = {isa = PBXBuildFile; fileRef = 0CAFD7DF2A9B61900009D70E /* ZupagoUITests.swift */; };
		0CAFD7E22A9B61900009D70E /* ZupagoUITestsLaunchTests.swift in Sources */ = {isa = PBXBuildFile; fileRef = 0CAFD7E12A9B61900009D70E /* ZupagoUITestsLaunchTests.swift */; };
		0CAFD7F32A9B6AEA0009D70E /* Satoshi-Bold.ttf in Resources */ = {isa = PBXBuildFile; fileRef = 0CAFD7F22A9B6AEA0009D70E /* Satoshi-Bold.ttf */; };
		0CAFD7F52A9B6AF80009D70E /* Satoshi-Medium.ttf in Resources */ = {isa = PBXBuildFile; fileRef = 0CAFD7F42A9B6AF80009D70E /* Satoshi-Medium.ttf */; };
		0CAFD7F72A9B6B050009D70E /* Satoshi-Regular.ttf in Resources */ = {isa = PBXBuildFile; fileRef = 0CAFD7F62A9B6B050009D70E /* Satoshi-Regular.ttf */; };
		0CAFD7FC2A9B6CA50009D70E /* Satoshi-Light.ttf in Resources */ = {isa = PBXBuildFile; fileRef = 0CAFD7FB2A9B6CA50009D70E /* Satoshi-Light.ttf */; };
		0CAFD8002A9B6DC80009D70E /* Fonts.swift in Sources */ = {isa = PBXBuildFile; fileRef = 0CAFD7FF2A9B6DC80009D70E /* Fonts.swift */; };
		0CAFD8032A9B75090009D70E /* AppColor.swift in Sources */ = {isa = PBXBuildFile; fileRef = 0CAFD8022A9B75090009D70E /* AppColor.swift */; };
		0CAFD8052A9BCDE00009D70E /* Sample.swift in Sources */ = {isa = PBXBuildFile; fileRef = 0CAFD8042A9BCDE00009D70E /* Sample.swift */; };
		0CB74F0A2AB8FCA4003E76FB /* Launch Screen.storyboard in Resources */ = {isa = PBXBuildFile; fileRef = 0CB74F092AB8FCA4003E76FB /* Launch Screen.storyboard */; };
		0CB74F0D2AB90015003E76FB /* Route.swift in Sources */ = {isa = PBXBuildFile; fileRef = 0CB74F0C2AB90015003E76FB /* Route.swift */; };
		0CB74F112AB9048D003E76FB /* RouteView.swift in Sources */ = {isa = PBXBuildFile; fileRef = 0CB74F102AB9048D003E76FB /* RouteView.swift */; };
		0CB74F132AB90914003E76FB /* MainRoute.swift in Sources */ = {isa = PBXBuildFile; fileRef = 0CB74F122AB90914003E76FB /* MainRoute.swift */; };
		0CB74F152AB91636003E76FB /* WalletTop.swift in Sources */ = {isa = PBXBuildFile; fileRef = 0CB74F142AB91636003E76FB /* WalletTop.swift */; };
		0CB74F182AB92827003E76FB /* CustomKeyboard.swift in Sources */ = {isa = PBXBuildFile; fileRef = 0CB74F172AB92827003E76FB /* CustomKeyboard.swift */; };
		0CEA21EA2AB13ABC0098B4EB /* AddVirtualCard.swift in Sources */ = {isa = PBXBuildFile; fileRef = 0CEA21E92AB13ABC0098B4EB /* AddVirtualCard.swift */; };
/* End PBXBuildFile section */

/* Begin PBXContainerItemProxy section */
		0CAFD7D22A9B61900009D70E /* PBXContainerItemProxy */ = {
			isa = PBXContainerItemProxy;
			containerPortal = 0CAFD7B92A9B618F0009D70E /* Project object */;
			proxyType = 1;
			remoteGlobalIDString = 0CAFD7C02A9B618F0009D70E;
			remoteInfo = Zupago;
		};
		0CAFD7DC2A9B61900009D70E /* PBXContainerItemProxy */ = {
			isa = PBXContainerItemProxy;
			containerPortal = 0CAFD7B92A9B618F0009D70E /* Project object */;
			proxyType = 1;
			remoteGlobalIDString = 0CAFD7C02A9B618F0009D70E;
			remoteInfo = Zupago;
		};
/* End PBXContainerItemProxy section */

/* Begin PBXFileReference section */
		0C180F0D2A9CC09100DE6C24 /* ChipView.swift */ = {isa = PBXFileReference; lastKnownFileType = sourcecode.swift; path = ChipView.swift; sourceTree = "<group>"; };
		0C180F102A9D2E6C00DE6C24 /* ChipViewImp.swift */ = {isa = PBXFileReference; lastKnownFileType = sourcecode.swift; path = ChipViewImp.swift; sourceTree = "<group>"; };
		0C180F132A9D2E9600DE6C24 /* Extensions.swift */ = {isa = PBXFileReference; lastKnownFileType = sourcecode.swift; path = Extensions.swift; sourceTree = "<group>"; };
		0C54FC7B2A9F6C9F00AC1296 /* customTab.swift */ = {isa = PBXFileReference; lastKnownFileType = sourcecode.swift; path = customTab.swift; sourceTree = "<group>"; };
		0C54FC7D2A9F726200AC1296 /* MainScreen.swift */ = {isa = PBXFileReference; lastKnownFileType = sourcecode.swift; path = MainScreen.swift; sourceTree = "<group>"; };
		0C54FC802A9F756800AC1296 /* WalletScreen.swift */ = {isa = PBXFileReference; lastKnownFileType = sourcecode.swift; path = WalletScreen.swift; sourceTree = "<group>"; };
		0C54FC822A9F808F00AC1296 /* CardView.swift */ = {isa = PBXFileReference; lastKnownFileType = sourcecode.swift; path = CardView.swift; sourceTree = "<group>"; };
		0C54FC842A9F820600AC1296 /* AccountScreen.swift */ = {isa = PBXFileReference; lastKnownFileType = sourcecode.swift; path = AccountScreen.swift; sourceTree = "<group>"; };
		0C5768572AA094BD00AE4FC0 /* QuickAction.swift */ = {isa = PBXFileReference; lastKnownFileType = sourcecode.swift; path = QuickAction.swift; sourceTree = "<group>"; };
		0C57685B2AA0ADCA00AE4FC0 /* TopView.swift */ = {isa = PBXFileReference; lastKnownFileType = sourcecode.swift; path = TopView.swift; sourceTree = "<group>"; };
		0C57685D2AA1182500AE4FC0 /* BuyAndSell.swift */ = {isa = PBXFileReference; lastKnownFileType = sourcecode.swift; path = BuyAndSell.swift; sourceTree = "<group>"; };
		0C6C8BB22ABA23C900DA4FB6 /* BuyTab.swift */ = {isa = PBXFileReference; lastKnownFileType = sourcecode.swift; path = BuyTab.swift; sourceTree = "<group>"; };
		0C6C8BB52ABA280500DA4FB6 /* CurrencyModel.swift */ = {isa = PBXFileReference; lastKnownFileType = sourcecode.swift; path = CurrencyModel.swift; sourceTree = "<group>"; };
		0C6C8BB72ABA48E200DA4FB6 /* CurrencyView.swift */ = {isa = PBXFileReference; lastKnownFileType = sourcecode.swift; path = CurrencyView.swift; sourceTree = "<group>"; };
		0CAFD7C12A9B618F0009D70E /* Zupago.app */ = {isa = PBXFileReference; explicitFileType = wrapper.application; includeInIndex = 0; path = Zupago.app; sourceTree = BUILT_PRODUCTS_DIR; };
		0CAFD7C42A9B618F0009D70E /* ZupagoApp.swift */ = {isa = PBXFileReference; lastKnownFileType = sourcecode.swift; path = ZupagoApp.swift; sourceTree = "<group>"; };
		0CAFD7C62A9B618F0009D70E /* ContentView.swift */ = {isa = PBXFileReference; lastKnownFileType = sourcecode.swift; path = ContentView.swift; sourceTree = "<group>"; };
		0CAFD7C82A9B61900009D70E /* Assets.xcassets */ = {isa = PBXFileReference; lastKnownFileType = folder.assetcatalog; path = Assets.xcassets; sourceTree = "<group>"; };
		0CAFD7CB2A9B61900009D70E /* Preview Assets.xcassets */ = {isa = PBXFileReference; lastKnownFileType = folder.assetcatalog; path = "Preview Assets.xcassets"; sourceTree = "<group>"; };
		0CAFD7D12A9B61900009D70E /* ZupagoTests.xctest */ = {isa = PBXFileReference; explicitFileType = wrapper.cfbundle; includeInIndex = 0; path = ZupagoTests.xctest; sourceTree = BUILT_PRODUCTS_DIR; };
		0CAFD7D52A9B61900009D70E /* ZupagoTests.swift */ = {isa = PBXFileReference; lastKnownFileType = sourcecode.swift; path = ZupagoTests.swift; sourceTree = "<group>"; };
		0CAFD7DB2A9B61900009D70E /* ZupagoUITests.xctest */ = {isa = PBXFileReference; explicitFileType = wrapper.cfbundle; includeInIndex = 0; path = ZupagoUITests.xctest; sourceTree = BUILT_PRODUCTS_DIR; };
		0CAFD7DF2A9B61900009D70E /* ZupagoUITests.swift */ = {isa = PBXFileReference; lastKnownFileType = sourcecode.swift; path = ZupagoUITests.swift; sourceTree = "<group>"; };
		0CAFD7E12A9B61900009D70E /* ZupagoUITestsLaunchTests.swift */ = {isa = PBXFileReference; lastKnownFileType = sourcecode.swift; path = ZupagoUITestsLaunchTests.swift; sourceTree = "<group>"; };
		0CAFD7F22A9B6AEA0009D70E /* Satoshi-Bold.ttf */ = {isa = PBXFileReference; lastKnownFileType = file; path = "Satoshi-Bold.ttf"; sourceTree = "<group>"; };
		0CAFD7F42A9B6AF80009D70E /* Satoshi-Medium.ttf */ = {isa = PBXFileReference; lastKnownFileType = file; path = "Satoshi-Medium.ttf"; sourceTree = "<group>"; };
		0CAFD7F62A9B6B050009D70E /* Satoshi-Regular.ttf */ = {isa = PBXFileReference; lastKnownFileType = file; path = "Satoshi-Regular.ttf"; sourceTree = "<group>"; };
		0CAFD7FA2A9B6B590009D70E /* Info.plist */ = {isa = PBXFileReference; lastKnownFileType = text.plist; path = Info.plist; sourceTree = "<group>"; };
		0CAFD7FB2A9B6CA50009D70E /* Satoshi-Light.ttf */ = {isa = PBXFileReference; lastKnownFileType = file; path = "Satoshi-Light.ttf"; sourceTree = "<group>"; };
		0CAFD7FF2A9B6DC80009D70E /* Fonts.swift */ = {isa = PBXFileReference; lastKnownFileType = sourcecode.swift; path = Fonts.swift; sourceTree = "<group>"; };
		0CAFD8022A9B75090009D70E /* AppColor.swift */ = {isa = PBXFileReference; lastKnownFileType = sourcecode.swift; path = AppColor.swift; sourceTree = "<group>"; };
		0CAFD8042A9BCDE00009D70E /* Sample.swift */ = {isa = PBXFileReference; lastKnownFileType = sourcecode.swift; path = Sample.swift; sourceTree = "<group>"; };
		0CB74F092AB8FCA4003E76FB /* Launch Screen.storyboard */ = {isa = PBXFileReference; lastKnownFileType = file.storyboard; path = "Launch Screen.storyboard"; sourceTree = "<group>"; };
		0CB74F0C2AB90015003E76FB /* Route.swift */ = {isa = PBXFileReference; lastKnownFileType = sourcecode.swift; path = Route.swift; sourceTree = "<group>"; };
		0CB74F102AB9048D003E76FB /* RouteView.swift */ = {isa = PBXFileReference; lastKnownFileType = sourcecode.swift; path = RouteView.swift; sourceTree = "<group>"; };
		0CB74F122AB90914003E76FB /* MainRoute.swift */ = {isa = PBXFileReference; lastKnownFileType = sourcecode.swift; path = MainRoute.swift; sourceTree = "<group>"; };
		0CB74F142AB91636003E76FB /* WalletTop.swift */ = {isa = PBXFileReference; lastKnownFileType = sourcecode.swift; path = WalletTop.swift; sourceTree = "<group>"; };
		0CB74F172AB92827003E76FB /* CustomKeyboard.swift */ = {isa = PBXFileReference; lastKnownFileType = sourcecode.swift; path = CustomKeyboard.swift; sourceTree = "<group>"; };
		0CEA21E92AB13ABC0098B4EB /* AddVirtualCard.swift */ = {isa = PBXFileReference; lastKnownFileType = sourcecode.swift; path = AddVirtualCard.swift; sourceTree = "<group>"; };
/* End PBXFileReference section */

/* Begin PBXFrameworksBuildPhase section */
		0CAFD7BE2A9B618F0009D70E /* Frameworks */ = {
			isa = PBXFrameworksBuildPhase;
			buildActionMask = 2147483647;
			files = (
			);
			runOnlyForDeploymentPostprocessing = 0;
		};
		0CAFD7CE2A9B61900009D70E /* Frameworks */ = {
			isa = PBXFrameworksBuildPhase;
			buildActionMask = 2147483647;
			files = (
			);
			runOnlyForDeploymentPostprocessing = 0;
		};
		0CAFD7D82A9B61900009D70E /* Frameworks */ = {
			isa = PBXFrameworksBuildPhase;
			buildActionMask = 2147483647;
			files = (
			);
			runOnlyForDeploymentPostprocessing = 0;
		};
/* End PBXFrameworksBuildPhase section */

/* Begin PBXGroup section */
		0C180F0C2A9CC07900DE6C24 /* Views */ = {
			isa = PBXGroup;
			children = (
				0C6C8BB12ABA23AD00DA4FB6 /* BuySellView */,
				0CB74F162AB9280E003E76FB /* CustomKeyboard */,
				0CEA21E82AB13AA50098B4EB /* VirtualCard */,
				0C54FC802A9F756800AC1296 /* WalletScreen.swift */,
				0C180F0F2A9D2E4400DE6C24 /* ChipView */,
				0C54FC822A9F808F00AC1296 /* CardView.swift */,
				0C54FC842A9F820600AC1296 /* AccountScreen.swift */,
				0CB74F142AB91636003E76FB /* WalletTop.swift */,
			);
			path = Views;
			sourceTree = "<group>";
		};
		0C180F0F2A9D2E4400DE6C24 /* ChipView */ = {
			isa = PBXGroup;
			children = (
				0C180F0D2A9CC09100DE6C24 /* ChipView.swift */,
				0C180F102A9D2E6C00DE6C24 /* ChipViewImp.swift */,
			);
			path = ChipView;
			sourceTree = "<group>";
		};
		0C180F122A9D2E8100DE6C24 /* Extension */ = {
			isa = PBXGroup;
			children = (
				0C180F132A9D2E9600DE6C24 /* Extensions.swift */,
			);
			path = Extension;
			sourceTree = "<group>";
		};
		0C54FC7A2A9F6C7600AC1296 /* CustomTab */ = {
			isa = PBXGroup;
			children = (
				0C54FC7B2A9F6C9F00AC1296 /* customTab.swift */,
			);
			path = CustomTab;
			sourceTree = "<group>";
		};
		0C5768552AA0949A00AE4FC0 /* HomeScreen */ = {
			isa = PBXGroup;
			children = (
				0C5768562AA094A600AE4FC0 /* Views */,
			);
			path = HomeScreen;
			sourceTree = "<group>";
		};
		0C5768562AA094A600AE4FC0 /* Views */ = {
			isa = PBXGroup;
			children = (
				0C5768572AA094BD00AE4FC0 /* QuickAction.swift */,
				0C57685B2AA0ADCA00AE4FC0 /* TopView.swift */,
			);
			path = Views;
			sourceTree = "<group>";
		};
		0C6C8BB12ABA23AD00DA4FB6 /* BuySellView */ = {
			isa = PBXGroup;
			children = (
				0C57685D2AA1182500AE4FC0 /* BuyAndSell.swift */,
				0C6C8BB22ABA23C900DA4FB6 /* BuyTab.swift */,
				0C6C8BB72ABA48E200DA4FB6 /* CurrencyView.swift */,
			);
			path = BuySellView;
			sourceTree = "<group>";
		};
		0C6C8BB42ABA27DF00DA4FB6 /* Model */ = {
			isa = PBXGroup;
			children = (
				0C6C8BB52ABA280500DA4FB6 /* CurrencyModel.swift */,
			);
			path = Model;
			sourceTree = "<group>";
		};
		0CAFD7B82A9B618F0009D70E = {
			isa = PBXGroup;
			children = (
				0CAFD7C32A9B618F0009D70E /* Zupago */,
				0CAFD7D42A9B61900009D70E /* ZupagoTests */,
				0CAFD7DE2A9B61900009D70E /* ZupagoUITests */,
				0CAFD7C22A9B618F0009D70E /* Products */,
			);
			sourceTree = "<group>";
		};
		0CAFD7C22A9B618F0009D70E /* Products */ = {
			isa = PBXGroup;
			children = (
				0CAFD7C12A9B618F0009D70E /* Zupago.app */,
				0CAFD7D12A9B61900009D70E /* ZupagoTests.xctest */,
				0CAFD7DB2A9B61900009D70E /* ZupagoUITests.xctest */,
			);
			name = Products;
			sourceTree = "<group>";
		};
		0CAFD7C32A9B618F0009D70E /* Zupago */ = {
			isa = PBXGroup;
			children = (
				0CAFD7FA2A9B6B590009D70E /* Info.plist */,
				0CAFD7F12A9B6AC40009D70E /* Font */,
				0CAFD7F02A9B61B90009D70E /* Domain */,
				0CAFD7EF2A9B61B00009D70E /* Core */,
				0CAFD7EE2A9B61A30009D70E /* Presentation */,
				0CAFD7C42A9B618F0009D70E /* ZupagoApp.swift */,
				0CAFD7C62A9B618F0009D70E /* ContentView.swift */,
				0CAFD7C82A9B61900009D70E /* Assets.xcassets */,
				0CAFD7CA2A9B61900009D70E /* Preview Content */,
				0CAFD8042A9BCDE00009D70E /* Sample.swift */,
			);
			path = Zupago;
			sourceTree = "<group>";
		};
		0CAFD7CA2A9B61900009D70E /* Preview Content */ = {
			isa = PBXGroup;
			children = (
				0CAFD7CB2A9B61900009D70E /* Preview Assets.xcassets */,
			);
			path = "Preview Content";
			sourceTree = "<group>";
		};
		0CAFD7D42A9B61900009D70E /* ZupagoTests */ = {
			isa = PBXGroup;
			children = (
				0CAFD7D52A9B61900009D70E /* ZupagoTests.swift */,
			);
			path = ZupagoTests;
			sourceTree = "<group>";
		};
		0CAFD7DE2A9B61900009D70E /* ZupagoUITests */ = {
			isa = PBXGroup;
			children = (
				0CAFD7DF2A9B61900009D70E /* ZupagoUITests.swift */,
				0CAFD7E12A9B61900009D70E /* ZupagoUITestsLaunchTests.swift */,
			);
			path = ZupagoUITests;
			sourceTree = "<group>";
		};
		0CAFD7EE2A9B61A30009D70E /* Presentation */ = {
			isa = PBXGroup;
			children = (
				0CB74F0B2AB8FFC0003E76FB /* Routes */,
				0C5768552AA0949A00AE4FC0 /* HomeScreen */,
				0C54FC7A2A9F6C7600AC1296 /* CustomTab */,
				0C180F0C2A9CC07900DE6C24 /* Views */,
				0CAFD7FD2A9B6DAC0009D70E /* Utils */,
				0C54FC7D2A9F726200AC1296 /* MainScreen.swift */,
				0CB74F092AB8FCA4003E76FB /* Launch Screen.storyboard */,
				0CB74F122AB90914003E76FB /* MainRoute.swift */,
			);
			path = Presentation;
			sourceTree = "<group>";
		};
		0CAFD7EF2A9B61B00009D70E /* Core */ = {
			isa = PBXGroup;
			children = (
				0C6C8BB42ABA27DF00DA4FB6 /* Model */,
			);
			path = Core;
			sourceTree = "<group>";
		};
		0CAFD7F02A9B61B90009D70E /* Domain */ = {
			isa = PBXGroup;
			children = (
			);
			path = Domain;
			sourceTree = "<group>";
		};
		0CAFD7F12A9B6AC40009D70E /* Font */ = {
			isa = PBXGroup;
			children = (
				0CAFD7F22A9B6AEA0009D70E /* Satoshi-Bold.ttf */,
				0CAFD7FB2A9B6CA50009D70E /* Satoshi-Light.ttf */,
				0CAFD7F42A9B6AF80009D70E /* Satoshi-Medium.ttf */,
				0CAFD7F62A9B6B050009D70E /* Satoshi-Regular.ttf */,
			);
			path = Font;
			sourceTree = "<group>";
		};
		0CAFD7FD2A9B6DAC0009D70E /* Utils */ = {
			isa = PBXGroup;
			children = (
				0C180F122A9D2E8100DE6C24 /* Extension */,
				0CAFD8012A9B74F80009D70E /* AppColor */,
				0CAFD7FE2A9B6DB40009D70E /* Fonts */,
			);
			path = Utils;
			sourceTree = "<group>";
		};
		0CAFD7FE2A9B6DB40009D70E /* Fonts */ = {
			isa = PBXGroup;
			children = (
				0CAFD7FF2A9B6DC80009D70E /* Fonts.swift */,
			);
			path = Fonts;
			sourceTree = "<group>";
		};
		0CAFD8012A9B74F80009D70E /* AppColor */ = {
			isa = PBXGroup;
			children = (
				0CAFD8022A9B75090009D70E /* AppColor.swift */,
			);
			path = AppColor;
			sourceTree = "<group>";
		};
		0CB74F0B2AB8FFC0003E76FB /* Routes */ = {
			isa = PBXGroup;
			children = (
				0CB74F0C2AB90015003E76FB /* Route.swift */,
				0CB74F102AB9048D003E76FB /* RouteView.swift */,
			);
			path = Routes;
			sourceTree = "<group>";
		};
		0CB74F162AB9280E003E76FB /* CustomKeyboard */ = {
			isa = PBXGroup;
			children = (
				0CB74F172AB92827003E76FB /* CustomKeyboard.swift */,
			);
			path = CustomKeyboard;
			sourceTree = "<group>";
		};
		0CEA21E82AB13AA50098B4EB /* VirtualCard */ = {
			isa = PBXGroup;
			children = (
				0CEA21E92AB13ABC0098B4EB /* AddVirtualCard.swift */,
			);
			path = VirtualCard;
			sourceTree = "<group>";
		};
/* End PBXGroup section */

/* Begin PBXNativeTarget section */
		0CAFD7C02A9B618F0009D70E /* Zupago */ = {
			isa = PBXNativeTarget;
			buildConfigurationList = 0CAFD7E52A9B61900009D70E /* Build configuration list for PBXNativeTarget "Zupago" */;
			buildPhases = (
				0CAFD7BD2A9B618F0009D70E /* Sources */,
				0CAFD7BE2A9B618F0009D70E /* Frameworks */,
				0CAFD7BF2A9B618F0009D70E /* Resources */,
			);
			buildRules = (
			);
			dependencies = (
			);
			name = Zupago;
			productName = Zupago;
			productReference = 0CAFD7C12A9B618F0009D70E /* Zupago.app */;
			productType = "com.apple.product-type.application";
		};
		0CAFD7D02A9B61900009D70E /* ZupagoTests */ = {
			isa = PBXNativeTarget;
			buildConfigurationList = 0CAFD7E82A9B61900009D70E /* Build configuration list for PBXNativeTarget "ZupagoTests" */;
			buildPhases = (
				0CAFD7CD2A9B61900009D70E /* Sources */,
				0CAFD7CE2A9B61900009D70E /* Frameworks */,
				0CAFD7CF2A9B61900009D70E /* Resources */,
			);
			buildRules = (
			);
			dependencies = (
				0CAFD7D32A9B61900009D70E /* PBXTargetDependency */,
			);
			name = ZupagoTests;
			productName = ZupagoTests;
			productReference = 0CAFD7D12A9B61900009D70E /* ZupagoTests.xctest */;
			productType = "com.apple.product-type.bundle.unit-test";
		};
		0CAFD7DA2A9B61900009D70E /* ZupagoUITests */ = {
			isa = PBXNativeTarget;
			buildConfigurationList = 0CAFD7EB2A9B61900009D70E /* Build configuration list for PBXNativeTarget "ZupagoUITests" */;
			buildPhases = (
				0CAFD7D72A9B61900009D70E /* Sources */,
				0CAFD7D82A9B61900009D70E /* Frameworks */,
				0CAFD7D92A9B61900009D70E /* Resources */,
			);
			buildRules = (
			);
			dependencies = (
				0CAFD7DD2A9B61900009D70E /* PBXTargetDependency */,
			);
			name = ZupagoUITests;
			productName = ZupagoUITests;
			productReference = 0CAFD7DB2A9B61900009D70E /* ZupagoUITests.xctest */;
			productType = "com.apple.product-type.bundle.ui-testing";
		};
/* End PBXNativeTarget section */

/* Begin PBXProject section */
		0CAFD7B92A9B618F0009D70E /* Project object */ = {
			isa = PBXProject;
			attributes = {
				BuildIndependentTargetsInParallel = 1;
				LastSwiftUpdateCheck = 1430;
				LastUpgradeCheck = 1430;
				TargetAttributes = {
					0CAFD7C02A9B618F0009D70E = {
						CreatedOnToolsVersion = 14.3;
					};
					0CAFD7D02A9B61900009D70E = {
						CreatedOnToolsVersion = 14.3;
						TestTargetID = 0CAFD7C02A9B618F0009D70E;
					};
					0CAFD7DA2A9B61900009D70E = {
						CreatedOnToolsVersion = 14.3;
						TestTargetID = 0CAFD7C02A9B618F0009D70E;
					};
				};
			};
			buildConfigurationList = 0CAFD7BC2A9B618F0009D70E /* Build configuration list for PBXProject "Zupago" */;
			compatibilityVersion = "Xcode 14.0";
			developmentRegion = en;
			hasScannedForEncodings = 0;
			knownRegions = (
				en,
				Base,
			);
			mainGroup = 0CAFD7B82A9B618F0009D70E;
			productRefGroup = 0CAFD7C22A9B618F0009D70E /* Products */;
			projectDirPath = "";
			projectRoot = "";
			targets = (
				0CAFD7C02A9B618F0009D70E /* Zupago */,
				0CAFD7D02A9B61900009D70E /* ZupagoTests */,
				0CAFD7DA2A9B61900009D70E /* ZupagoUITests */,
			);
		};
/* End PBXProject section */

/* Begin PBXResourcesBuildPhase section */
		0CAFD7BF2A9B618F0009D70E /* Resources */ = {
			isa = PBXResourcesBuildPhase;
			buildActionMask = 2147483647;
			files = (
				0CAFD7F72A9B6B050009D70E /* Satoshi-Regular.ttf in Resources */,
				0CAFD7F32A9B6AEA0009D70E /* Satoshi-Bold.ttf in Resources */,
				0CAFD7FC2A9B6CA50009D70E /* Satoshi-Light.ttf in Resources */,
				0CAFD7CC2A9B61900009D70E /* Preview Assets.xcassets in Resources */,
				0CAFD7F52A9B6AF80009D70E /* Satoshi-Medium.ttf in Resources */,
				0CAFD7C92A9B61900009D70E /* Assets.xcassets in Resources */,
				0CB74F0A2AB8FCA4003E76FB /* Launch Screen.storyboard in Resources */,
			);
			runOnlyForDeploymentPostprocessing = 0;
		};
		0CAFD7CF2A9B61900009D70E /* Resources */ = {
			isa = PBXResourcesBuildPhase;
			buildActionMask = 2147483647;
			files = (
			);
			runOnlyForDeploymentPostprocessing = 0;
		};
		0CAFD7D92A9B61900009D70E /* Resources */ = {
			isa = PBXResourcesBuildPhase;
			buildActionMask = 2147483647;
			files = (
			);
			runOnlyForDeploymentPostprocessing = 0;
		};
/* End PBXResourcesBuildPhase section */

/* Begin PBXSourcesBuildPhase section */
		0CAFD7BD2A9B618F0009D70E /* Sources */ = {
			isa = PBXSourcesBuildPhase;
			buildActionMask = 2147483647;
			files = (
				0C54FC852A9F820600AC1296 /* AccountScreen.swift in Sources */,
				0C57685C2AA0ADCA00AE4FC0 /* TopView.swift in Sources */,
				0C6C8BB62ABA280500DA4FB6 /* CurrencyModel.swift in Sources */,
				0CB74F112AB9048D003E76FB /* RouteView.swift in Sources */,
				0C54FC7C2A9F6C9F00AC1296 /* customTab.swift in Sources */,
				0C180F112A9D2E6C00DE6C24 /* ChipViewImp.swift in Sources */,
				0C6C8BB82ABA48E200DA4FB6 /* CurrencyView.swift in Sources */,
				0C54FC7E2A9F726200AC1296 /* MainScreen.swift in Sources */,
				0C54FC812A9F756800AC1296 /* WalletScreen.swift in Sources */,
				0C5768582AA094BD00AE4FC0 /* QuickAction.swift in Sources */,
				0CAFD8052A9BCDE00009D70E /* Sample.swift in Sources */,
				0CEA21EA2AB13ABC0098B4EB /* AddVirtualCard.swift in Sources */,
				0CB74F152AB91636003E76FB /* WalletTop.swift in Sources */,
				0CB74F132AB90914003E76FB /* MainRoute.swift in Sources */,
				0CB74F0D2AB90015003E76FB /* Route.swift in Sources */,
				0CB74F182AB92827003E76FB /* CustomKeyboard.swift in Sources */,
				0CAFD7C72A9B618F0009D70E /* ContentView.swift in Sources */,
				0C6C8BB32ABA23C900DA4FB6 /* BuyTab.swift in Sources */,
				0C180F142A9D2E9600DE6C24 /* Extensions.swift in Sources */,
				0C180F0E2A9CC09100DE6C24 /* ChipView.swift in Sources */,
				0CAFD8032A9B75090009D70E /* AppColor.swift in Sources */,
				0CAFD8002A9B6DC80009D70E /* Fonts.swift in Sources */,
				0C54FC832A9F808F00AC1296 /* CardView.swift in Sources */,
				0C57685E2AA1182500AE4FC0 /* BuyAndSell.swift in Sources */,
				0CAFD7C52A9B618F0009D70E /* ZupagoApp.swift in Sources */,
			);
			runOnlyForDeploymentPostprocessing = 0;
		};
		0CAFD7CD2A9B61900009D70E /* Sources */ = {
			isa = PBXSourcesBuildPhase;
			buildActionMask = 2147483647;
			files = (
				0CAFD7D62A9B61900009D70E /* ZupagoTests.swift in Sources */,
			);
			runOnlyForDeploymentPostprocessing = 0;
		};
		0CAFD7D72A9B61900009D70E /* Sources */ = {
			isa = PBXSourcesBuildPhase;
			buildActionMask = 2147483647;
			files = (
				0CAFD7E22A9B61900009D70E /* ZupagoUITestsLaunchTests.swift in Sources */,
				0CAFD7E02A9B61900009D70E /* ZupagoUITests.swift in Sources */,
			);
			runOnlyForDeploymentPostprocessing = 0;
		};
/* End PBXSourcesBuildPhase section */

/* Begin PBXTargetDependency section */
		0CAFD7D32A9B61900009D70E /* PBXTargetDependency */ = {
			isa = PBXTargetDependency;
			target = 0CAFD7C02A9B618F0009D70E /* Zupago */;
			targetProxy = 0CAFD7D22A9B61900009D70E /* PBXContainerItemProxy */;
		};
		0CAFD7DD2A9B61900009D70E /* PBXTargetDependency */ = {
			isa = PBXTargetDependency;
			target = 0CAFD7C02A9B618F0009D70E /* Zupago */;
			targetProxy = 0CAFD7DC2A9B61900009D70E /* PBXContainerItemProxy */;
		};
/* End PBXTargetDependency section */

/* Begin XCBuildConfiguration section */
		0CAFD7E32A9B61900009D70E /* Debug */ = {
			isa = XCBuildConfiguration;
			buildSettings = {
				ALWAYS_SEARCH_USER_PATHS = NO;
				CLANG_ANALYZER_NONNULL = YES;
				CLANG_ANALYZER_NUMBER_OBJECT_CONVERSION = YES_AGGRESSIVE;
				CLANG_CXX_LANGUAGE_STANDARD = "gnu++20";
				CLANG_ENABLE_MODULES = YES;
				CLANG_ENABLE_OBJC_ARC = YES;
				CLANG_ENABLE_OBJC_WEAK = YES;
				CLANG_WARN_BLOCK_CAPTURE_AUTORELEASING = YES;
				CLANG_WARN_BOOL_CONVERSION = YES;
				CLANG_WARN_COMMA = YES;
				CLANG_WARN_CONSTANT_CONVERSION = YES;
				CLANG_WARN_DEPRECATED_OBJC_IMPLEMENTATIONS = YES;
				CLANG_WARN_DIRECT_OBJC_ISA_USAGE = YES_ERROR;
				CLANG_WARN_DOCUMENTATION_COMMENTS = YES;
				CLANG_WARN_EMPTY_BODY = YES;
				CLANG_WARN_ENUM_CONVERSION = YES;
				CLANG_WARN_INFINITE_RECURSION = YES;
				CLANG_WARN_INT_CONVERSION = YES;
				CLANG_WARN_NON_LITERAL_NULL_CONVERSION = YES;
				CLANG_WARN_OBJC_IMPLICIT_RETAIN_SELF = YES;
				CLANG_WARN_OBJC_LITERAL_CONVERSION = YES;
				CLANG_WARN_OBJC_ROOT_CLASS = YES_ERROR;
				CLANG_WARN_QUOTED_INCLUDE_IN_FRAMEWORK_HEADER = YES;
				CLANG_WARN_RANGE_LOOP_ANALYSIS = YES;
				CLANG_WARN_STRICT_PROTOTYPES = YES;
				CLANG_WARN_SUSPICIOUS_MOVE = YES;
				CLANG_WARN_UNGUARDED_AVAILABILITY = YES_AGGRESSIVE;
				CLANG_WARN_UNREACHABLE_CODE = YES;
				CLANG_WARN__DUPLICATE_METHOD_MATCH = YES;
				COPY_PHASE_STRIP = NO;
				DEBUG_INFORMATION_FORMAT = dwarf;
				ENABLE_STRICT_OBJC_MSGSEND = YES;
				ENABLE_TESTABILITY = YES;
				GCC_C_LANGUAGE_STANDARD = gnu11;
				GCC_DYNAMIC_NO_PIC = NO;
				GCC_NO_COMMON_BLOCKS = YES;
				GCC_OPTIMIZATION_LEVEL = 0;
				GCC_PREPROCESSOR_DEFINITIONS = (
					"DEBUG=1",
					"$(inherited)",
				);
				GCC_WARN_64_TO_32_BIT_CONVERSION = YES;
				GCC_WARN_ABOUT_RETURN_TYPE = YES_ERROR;
				GCC_WARN_UNDECLARED_SELECTOR = YES;
				GCC_WARN_UNINITIALIZED_AUTOS = YES_AGGRESSIVE;
				GCC_WARN_UNUSED_FUNCTION = YES;
				GCC_WARN_UNUSED_VARIABLE = YES;
				IPHONEOS_DEPLOYMENT_TARGET = 16.4;
				MTL_ENABLE_DEBUG_INFO = INCLUDE_SOURCE;
				MTL_FAST_MATH = YES;
				ONLY_ACTIVE_ARCH = YES;
				SDKROOT = iphoneos;
				SWIFT_ACTIVE_COMPILATION_CONDITIONS = DEBUG;
				SWIFT_OPTIMIZATION_LEVEL = "-Onone";
			};
			name = Debug;
		};
		0CAFD7E42A9B61900009D70E /* Release */ = {
			isa = XCBuildConfiguration;
			buildSettings = {
				ALWAYS_SEARCH_USER_PATHS = NO;
				CLANG_ANALYZER_NONNULL = YES;
				CLANG_ANALYZER_NUMBER_OBJECT_CONVERSION = YES_AGGRESSIVE;
				CLANG_CXX_LANGUAGE_STANDARD = "gnu++20";
				CLANG_ENABLE_MODULES = YES;
				CLANG_ENABLE_OBJC_ARC = YES;
				CLANG_ENABLE_OBJC_WEAK = YES;
				CLANG_WARN_BLOCK_CAPTURE_AUTORELEASING = YES;
				CLANG_WARN_BOOL_CONVERSION = YES;
				CLANG_WARN_COMMA = YES;
				CLANG_WARN_CONSTANT_CONVERSION = YES;
				CLANG_WARN_DEPRECATED_OBJC_IMPLEMENTATIONS = YES;
				CLANG_WARN_DIRECT_OBJC_ISA_USAGE = YES_ERROR;
				CLANG_WARN_DOCUMENTATION_COMMENTS = YES;
				CLANG_WARN_EMPTY_BODY = YES;
				CLANG_WARN_ENUM_CONVERSION = YES;
				CLANG_WARN_INFINITE_RECURSION = YES;
				CLANG_WARN_INT_CONVERSION = YES;
				CLANG_WARN_NON_LITERAL_NULL_CONVERSION = YES;
				CLANG_WARN_OBJC_IMPLICIT_RETAIN_SELF = YES;
				CLANG_WARN_OBJC_LITERAL_CONVERSION = YES;
				CLANG_WARN_OBJC_ROOT_CLASS = YES_ERROR;
				CLANG_WARN_QUOTED_INCLUDE_IN_FRAMEWORK_HEADER = YES;
				CLANG_WARN_RANGE_LOOP_ANALYSIS = YES;
				CLANG_WARN_STRICT_PROTOTYPES = YES;
				CLANG_WARN_SUSPICIOUS_MOVE = YES;
				CLANG_WARN_UNGUARDED_AVAILABILITY = YES_AGGRESSIVE;
				CLANG_WARN_UNREACHABLE_CODE = YES;
				CLANG_WARN__DUPLICATE_METHOD_MATCH = YES;
				COPY_PHASE_STRIP = NO;
				DEBUG_INFORMATION_FORMAT = "dwarf-with-dsym";
				ENABLE_NS_ASSERTIONS = NO;
				ENABLE_STRICT_OBJC_MSGSEND = YES;
				GCC_C_LANGUAGE_STANDARD = gnu11;
				GCC_NO_COMMON_BLOCKS = YES;
				GCC_WARN_64_TO_32_BIT_CONVERSION = YES;
				GCC_WARN_ABOUT_RETURN_TYPE = YES_ERROR;
				GCC_WARN_UNDECLARED_SELECTOR = YES;
				GCC_WARN_UNINITIALIZED_AUTOS = YES_AGGRESSIVE;
				GCC_WARN_UNUSED_FUNCTION = YES;
				GCC_WARN_UNUSED_VARIABLE = YES;
				IPHONEOS_DEPLOYMENT_TARGET = 16.4;
				MTL_ENABLE_DEBUG_INFO = NO;
				MTL_FAST_MATH = YES;
				SDKROOT = iphoneos;
				SWIFT_COMPILATION_MODE = wholemodule;
				SWIFT_OPTIMIZATION_LEVEL = "-O";
				VALIDATE_PRODUCT = YES;
			};
			name = Release;
		};
		0CAFD7E62A9B61900009D70E /* Debug */ = {
			isa = XCBuildConfiguration;
			buildSettings = {
				ASSETCATALOG_COMPILER_APPICON_NAME = AppIcon;
				ASSETCATALOG_COMPILER_GLOBAL_ACCENT_COLOR_NAME = AccentColor;
				CODE_SIGN_STYLE = Automatic;
				CURRENT_PROJECT_VERSION = 1;
				DEVELOPMENT_ASSET_PATHS = "\"Zupago/Preview Content\"";
				DEVELOPMENT_TEAM = ABK2TMF98V;
				ENABLE_PREVIEWS = YES;
				GENERATE_INFOPLIST_FILE = YES;
				INFOPLIST_FILE = Zupago/Info.plist;
				INFOPLIST_KEY_UIApplicationSceneManifest_Generation = YES;
				INFOPLIST_KEY_UIApplicationSupportsIndirectInputEvents = YES;
				INFOPLIST_KEY_UILaunchStoryboardName = "Launch Screen.storyboard";
				INFOPLIST_KEY_UISupportedInterfaceOrientations_iPad = "UIInterfaceOrientationPortrait UIInterfaceOrientationPortraitUpsideDown UIInterfaceOrientationLandscapeLeft UIInterfaceOrientationLandscapeRight";
				INFOPLIST_KEY_UISupportedInterfaceOrientations_iPhone = "UIInterfaceOrientationPortrait UIInterfaceOrientationLandscapeLeft UIInterfaceOrientationLandscapeRight";
				LD_RUNPATH_SEARCH_PATHS = (
					"$(inherited)",
					"@executable_path/Frameworks",
				);
				MARKETING_VERSION = 1.0;
				PRODUCT_BUNDLE_IDENTIFIER = com.david.Zupago;
				PRODUCT_NAME = "$(TARGET_NAME)";
				SWIFT_EMIT_LOC_STRINGS = YES;
				SWIFT_VERSION = 5.0;
				TARGETED_DEVICE_FAMILY = "1,2";
			};
			name = Debug;
		};
		0CAFD7E72A9B61900009D70E /* Release */ = {
			isa = XCBuildConfiguration;
			buildSettings = {
				ASSETCATALOG_COMPILER_APPICON_NAME = AppIcon;
				ASSETCATALOG_COMPILER_GLOBAL_ACCENT_COLOR_NAME = AccentColor;
				CODE_SIGN_STYLE = Automatic;
				CURRENT_PROJECT_VERSION = 1;
				DEVELOPMENT_ASSET_PATHS = "\"Zupago/Preview Content\"";
				DEVELOPMENT_TEAM = ABK2TMF98V;
				ENABLE_PREVIEWS = YES;
				GENERATE_INFOPLIST_FILE = YES;
				INFOPLIST_FILE = Zupago/Info.plist;
				INFOPLIST_KEY_UIApplicationSceneManifest_Generation = YES;
				INFOPLIST_KEY_UIApplicationSupportsIndirectInputEvents = YES;
				INFOPLIST_KEY_UILaunchStoryboardName = "Launch Screen.storyboard";
				INFOPLIST_KEY_UISupportedInterfaceOrientations_iPad = "UIInterfaceOrientationPortrait UIInterfaceOrientationPortraitUpsideDown UIInterfaceOrientationLandscapeLeft UIInterfaceOrientationLandscapeRight";
				INFOPLIST_KEY_UISupportedInterfaceOrientations_iPhone = "UIInterfaceOrientationPortrait UIInterfaceOrientationLandscapeLeft UIInterfaceOrientationLandscapeRight";
				LD_RUNPATH_SEARCH_PATHS = (
					"$(inherited)",
					"@executable_path/Frameworks",
				);
				MARKETING_VERSION = 1.0;
				PRODUCT_BUNDLE_IDENTIFIER = com.david.Zupago;
				PRODUCT_NAME = "$(TARGET_NAME)";
				SWIFT_EMIT_LOC_STRINGS = YES;
				SWIFT_VERSION = 5.0;
				TARGETED_DEVICE_FAMILY = "1,2";
			};
			name = Release;
		};
		0CAFD7E92A9B61900009D70E /* Debug */ = {
			isa = XCBuildConfiguration;
			buildSettings = {
				ALWAYS_EMBED_SWIFT_STANDARD_LIBRARIES = YES;
				BUNDLE_LOADER = "$(TEST_HOST)";
				CODE_SIGN_STYLE = Automatic;
				CURRENT_PROJECT_VERSION = 1;
				DEVELOPMENT_TEAM = ABK2TMF98V;
				GENERATE_INFOPLIST_FILE = YES;
				IPHONEOS_DEPLOYMENT_TARGET = 16.4;
				MARKETING_VERSION = 1.0;
				PRODUCT_BUNDLE_IDENTIFIER = com.david.ZupagoTests;
				PRODUCT_NAME = "$(TARGET_NAME)";
				SWIFT_EMIT_LOC_STRINGS = NO;
				SWIFT_VERSION = 5.0;
				TARGETED_DEVICE_FAMILY = "1,2";
				TEST_HOST = "$(BUILT_PRODUCTS_DIR)/Zupago.app/$(BUNDLE_EXECUTABLE_FOLDER_PATH)/Zupago";
			};
			name = Debug;
		};
		0CAFD7EA2A9B61900009D70E /* Release */ = {
			isa = XCBuildConfiguration;
			buildSettings = {
				ALWAYS_EMBED_SWIFT_STANDARD_LIBRARIES = YES;
				BUNDLE_LOADER = "$(TEST_HOST)";
				CODE_SIGN_STYLE = Automatic;
				CURRENT_PROJECT_VERSION = 1;
				DEVELOPMENT_TEAM = ABK2TMF98V;
				GENERATE_INFOPLIST_FILE = YES;
				IPHONEOS_DEPLOYMENT_TARGET = 16.4;
				MARKETING_VERSION = 1.0;
				PRODUCT_BUNDLE_IDENTIFIER = com.david.ZupagoTests;
				PRODUCT_NAME = "$(TARGET_NAME)";
				SWIFT_EMIT_LOC_STRINGS = NO;
				SWIFT_VERSION = 5.0;
				TARGETED_DEVICE_FAMILY = "1,2";
				TEST_HOST = "$(BUILT_PRODUCTS_DIR)/Zupago.app/$(BUNDLE_EXECUTABLE_FOLDER_PATH)/Zupago";
			};
			name = Release;
		};
		0CAFD7EC2A9B61900009D70E /* Debug */ = {
			isa = XCBuildConfiguration;
			buildSettings = {
				ALWAYS_EMBED_SWIFT_STANDARD_LIBRARIES = YES;
				CODE_SIGN_STYLE = Automatic;
				CURRENT_PROJECT_VERSION = 1;
				DEVELOPMENT_TEAM = ABK2TMF98V;
				GENERATE_INFOPLIST_FILE = YES;
				MARKETING_VERSION = 1.0;
				PRODUCT_BUNDLE_IDENTIFIER = com.david.ZupagoUITests;
				PRODUCT_NAME = "$(TARGET_NAME)";
				SWIFT_EMIT_LOC_STRINGS = NO;
				SWIFT_VERSION = 5.0;
				TARGETED_DEVICE_FAMILY = "1,2";
				TEST_TARGET_NAME = Zupago;
			};
			name = Debug;
		};
		0CAFD7ED2A9B61900009D70E /* Release */ = {
			isa = XCBuildConfiguration;
			buildSettings = {
				ALWAYS_EMBED_SWIFT_STANDARD_LIBRARIES = YES;
				CODE_SIGN_STYLE = Automatic;
				CURRENT_PROJECT_VERSION = 1;
				DEVELOPMENT_TEAM = ABK2TMF98V;
				GENERATE_INFOPLIST_FILE = YES;
				MARKETING_VERSION = 1.0;
				PRODUCT_BUNDLE_IDENTIFIER = com.david.ZupagoUITests;
				PRODUCT_NAME = "$(TARGET_NAME)";
				SWIFT_EMIT_LOC_STRINGS = NO;
				SWIFT_VERSION = 5.0;
				TARGETED_DEVICE_FAMILY = "1,2";
				TEST_TARGET_NAME = Zupago;
			};
			name = Release;
		};
/* End XCBuildConfiguration section */

/* Begin XCConfigurationList section */
		0CAFD7BC2A9B618F0009D70E /* Build configuration list for PBXProject "Zupago" */ = {
			isa = XCConfigurationList;
			buildConfigurations = (
				0CAFD7E32A9B61900009D70E /* Debug */,
				0CAFD7E42A9B61900009D70E /* Release */,
			);
			defaultConfigurationIsVisible = 0;
			defaultConfigurationName = Release;
		};
		0CAFD7E52A9B61900009D70E /* Build configuration list for PBXNativeTarget "Zupago" */ = {
			isa = XCConfigurationList;
			buildConfigurations = (
				0CAFD7E62A9B61900009D70E /* Debug */,
				0CAFD7E72A9B61900009D70E /* Release */,
			);
			defaultConfigurationIsVisible = 0;
			defaultConfigurationName = Release;
		};
		0CAFD7E82A9B61900009D70E /* Build configuration list for PBXNativeTarget "ZupagoTests" */ = {
			isa = XCConfigurationList;
			buildConfigurations = (
				0CAFD7E92A9B61900009D70E /* Debug */,
				0CAFD7EA2A9B61900009D70E /* Release */,
			);
			defaultConfigurationIsVisible = 0;
			defaultConfigurationName = Release;
		};
		0CAFD7EB2A9B61900009D70E /* Build configuration list for PBXNativeTarget "ZupagoUITests" */ = {
			isa = XCConfigurationList;
			buildConfigurations = (
				0CAFD7EC2A9B61900009D70E /* Debug */,
				0CAFD7ED2A9B61900009D70E /* Release */,
			);
			defaultConfigurationIsVisible = 0;
			defaultConfigurationName = Release;
		};
/* End XCConfigurationList section */
	};
	rootObject = 0CAFD7B92A9B618F0009D70E /* Project object */;
}
