// !$*UTF8*$!
{
	archiveVersion = 1;
	classes = {
	};
	objectVersion = 56;
	objects = {

/* Begin PBXBuildFile section */
		0CAFD7C52A9B618F0009D70E /* ZupagoApp.swift in Sources */ = {isa = PBXBuildFile; fileRef = 0CAFD7C42A9B618F0009D70E /* ZupagoApp.swift */; };
		0CAFD7C72A9B618F0009D70E /* ContentView.swift in Sources */ = {isa = PBXBuildFile; fileRef = 0CAFD7C62A9B618F0009D70E /* ContentView.swift */; };
		0CAFD7C92A9B61900009D70E /* Assets.xcassets in Resources */ = {isa = PBXBuildFile; fileRef = 0CAFD7C82A9B61900009D70E /* Assets.xcassets */; };
		0CAFD7CC2A9B61900009D70E /* Preview Assets.xcassets in Resources */ = {isa = PBXBuildFile; fileRef = 0CAFD7CB2A9B61900009D70E /* Preview Assets.xcassets */; };
		0CAFD7D62A9B61900009D70E /* ZupagoTests.swift in Sources */ = {isa = PBXBuildFile; fileRef = 0CAFD7D52A9B61900009D70E /* ZupagoTests.swift */; };
		0CAFD7E02A9B61900009D70E /* ZupagoUITests.swift in Sources */ = {isa = PBXBuildFile; fileRef = 0CAFD7DF2A9B61900009D70E /* ZupagoUITests.swift */; };
		0CAFD7E22A9B61900009D70E /* ZupagoUITestsLaunchTests.swift in Sources */ = {isa = PBXBuildFile; fileRef = 0CAFD7E12A9B61900009D70E /* ZupagoUITestsLaunchTests.swift */; };
/* End PBXBuildFile section */

/* Begin PBXContainerItemProxy section */
		0CAFD7D22A9B61900009D70E /* PBXContainerItemProxy */ = {
			isa = PBXContainerItemProxy;
			containerPortal = 0CAFD7B92A9B618F0009D70E /* Project object */;
			proxyType = 1;
			remoteGlobalIDString = 0CAFD7C02A9B618F0009D70E;
			remoteInfo = Zupago;
		};
		0CAFD7DC2A9B61900009D70E /* PBXContainerItemProxy */ = {
			isa = PBXContainerItemProxy;
			containerPortal = 0CAFD7B92A9B618F0009D70E /* Project object */;
			proxyType = 1;
			remoteGlobalIDString = 0CAFD7C02A9B618F0009D70E;
			remoteInfo = Zupago;
		};
/* End PBXContainerItemProxy section */

/* Begin PBXFileReference section */
		0CAFD7C12A9B618F0009D70E /* Zupago.app */ = {isa = PBXFileReference; explicitFileType = wrapper.application; includeInIndex = 0; path = Zupago.app; sourceTree = BUILT_PRODUCTS_DIR; };
		0CAFD7C42A9B618F0009D70E /* ZupagoApp.swift */ = {isa = PBXFileReference; lastKnownFileType = sourcecode.swift; path = ZupagoApp.swift; sourceTree = "<group>"; };
		0CAFD7C62A9B618F0009D70E /* ContentView.swift */ = {isa = PBXFileReference; lastKnownFileType = sourcecode.swift; path = ContentView.swift; sourceTree = "<group>"; };
		0CAFD7C82A9B61900009D70E /* Assets.xcassets */ = {isa = PBXFileReference; lastKnownFileType = folder.assetcatalog; path = Assets.xcassets; sourceTree = "<group>"; };
		0CAFD7CB2A9B61900009D70E /* Preview Assets.xcassets */ = {isa = PBXFileReference; lastKnownFileType = folder.assetcatalog; path = "Preview Assets.xcassets"; sourceTree = "<group>"; };
		0CAFD7D12A9B61900009D70E /* ZupagoTests.xctest */ = {isa = PBXFileReference; explicitFileType = wrapper.cfbundle; includeInIndex = 0; path = ZupagoTests.xctest; sourceTree = BUILT_PRODUCTS_DIR; };
		0CAFD7D52A9B61900009D70E /* ZupagoTests.swift */ = {isa = PBXFileReference; lastKnownFileType = sourcecode.swift; path = ZupagoTests.swift; sourceTree = "<group>"; };
		0CAFD7DB2A9B61900009D70E /* ZupagoUITests.xctest */ = {isa = PBXFileReference; explicitFileType = wrapper.cfbundle; includeInIndex = 0; path = ZupagoUITests.xctest; sourceTree = BUILT_PRODUCTS_DIR; };
		0CAFD7DF2A9B61900009D70E /* ZupagoUITests.swift */ = {isa = PBXFileReference; lastKnownFileType = sourcecode.swift; path = ZupagoUITests.swift; sourceTree = "<group>"; };
		0CAFD7E12A9B61900009D70E /* ZupagoUITestsLaunchTests.swift */ = {isa = PBXFileReference; lastKnownFileType = sourcecode.swift; path = ZupagoUITestsLaunchTests.swift; sourceTree = "<group>"; };
/* End PBXFileReference section */

/* Begin PBXFrameworksBuildPhase section */
		0CAFD7BE2A9B618F0009D70E /* Frameworks */ = {
			isa = PBXFrameworksBuildPhase;
			buildActionMask = 2147483647;
			files = (
			);
			runOnlyForDeploymentPostprocessing = 0;
		};
		0CAFD7CE2A9B61900009D70E /* Frameworks */ = {
			isa = PBXFrameworksBuildPhase;
			buildActionMask = 2147483647;
			files = (
			);
			runOnlyForDeploymentPostprocessing = 0;
		};
		0CAFD7D82A9B61900009D70E /* Frameworks */ = {
			isa = PBXFrameworksBuildPhase;
			buildActionMask = 2147483647;
			files = (
			);
			runOnlyForDeploymentPostprocessing = 0;
		};
/* End PBXFrameworksBuildPhase section */

/* Begin PBXGroup section */
		0CAFD7B82A9B618F0009D70E = {
			isa = PBXGroup;
			children = (
				0CAFD7C32A9B618F0009D70E /* Zupago */,
				0CAFD7D42A9B61900009D70E /* ZupagoTests */,
				0CAFD7DE2A9B61900009D70E /* ZupagoUITests */,
				0CAFD7C22A9B618F0009D70E /* Products */,
			);
			sourceTree = "<group>";
		};
		0CAFD7C22A9B618F0009D70E /* Products */ = {
			isa = PBXGroup;
			children = (
				0CAFD7C12A9B618F0009D70E /* Zupago.app */,
				0CAFD7D12A9B61900009D70E /* ZupagoTests.xctest */,
				0CAFD7DB2A9B61900009D70E /* ZupagoUITests.xctest */,
			);
			name = Products;
			sourceTree = "<group>";
		};
		0CAFD7C32A9B618F0009D70E /* Zupago */ = {
			isa = PBXGroup;
			children = (
				0CAFD7C42A9B618F0009D70E /* ZupagoApp.swift */,
				0CAFD7C62A9B618F0009D70E /* ContentView.swift */,
				0CAFD7C82A9B61900009D70E /* Assets.xcassets */,
				0CAFD7CA2A9B61900009D70E /* Preview Content */,
			);
			path = Zupago;
			sourceTree = "<group>";
		};
		0CAFD7CA2A9B61900009D70E /* Preview Content */ = {
			isa = PBXGroup;
			children = (
				0CAFD7CB2A9B61900009D70E /* Preview Assets.xcassets */,
			);
			path = "Preview Content";
			sourceTree = "<group>";
		};
		0CAFD7D42A9B61900009D70E /* ZupagoTests */ = {
			isa = PBXGroup;
			children = (
				0CAFD7D52A9B61900009D70E /* ZupagoTests.swift */,
			);
			path = ZupagoTests;
			sourceTree = "<group>";
		};
		0CAFD7DE2A9B61900009D70E /* ZupagoUITests */ = {
			isa = PBXGroup;
			children = (
				0CAFD7DF2A9B61900009D70E /* ZupagoUITests.swift */,
				0CAFD7E12A9B61900009D70E /* ZupagoUITestsLaunchTests.swift */,
			);
			path = ZupagoUITests;
			sourceTree = "<group>";
		};
/* End PBXGroup section */

/* Begin PBXNativeTarget section */
		0CAFD7C02A9B618F0009D70E /* Zupago */ = {
			isa = PBXNativeTarget;
			buildConfigurationList = 0CAFD7E52A9B61900009D70E /* Build configuration list for PBXNativeTarget "Zupago" */;
			buildPhases = (
				0CAFD7BD2A9B618F0009D70E /* Sources */,
				0CAFD7BE2A9B618F0009D70E /* Frameworks */,
				0CAFD7BF2A9B618F0009D70E /* Resources */,
			);
			buildRules = (
			);
			dependencies = (
			);
			name = Zupago;
			productName = Zupago;
			productReference = 0CAFD7C12A9B618F0009D70E /* Zupago.app */;
			productType = "com.apple.product-type.application";
		};
		0CAFD7D02A9B61900009D70E /* ZupagoTests */ = {
			isa = PBXNativeTarget;
			buildConfigurationList = 0CAFD7E82A9B61900009D70E /* Build configuration list for PBXNativeTarget "ZupagoTests" */;
			buildPhases = (
				0CAFD7CD2A9B61900009D70E /* Sources */,
				0CAFD7CE2A9B61900009D70E /* Frameworks */,
				0CAFD7CF2A9B61900009D70E /* Resources */,
			);
			buildRules = (
			);
			dependencies = (
				0CAFD7D32A9B61900009D70E /* PBXTargetDependency */,
			);
			name = ZupagoTests;
			productName = ZupagoTests;
			productReference = 0CAFD7D12A9B61900009D70E /* ZupagoTests.xctest */;
			productType = "com.apple.product-type.bundle.unit-test";
		};
		0CAFD7DA2A9B61900009D70E /* ZupagoUITests */ = {
			isa = PBXNativeTarget;
			buildConfigurationList = 0CAFD7EB2A9B61900009D70E /* Build configuration list for PBXNativeTarget "ZupagoUITests" */;
			buildPhases = (
				0CAFD7D72A9B61900009D70E /* Sources */,
				0CAFD7D82A9B61900009D70E /* Frameworks */,
				0CAFD7D92A9B61900009D70E /* Resources */,
			);
			buildRules = (
			);
			dependencies = (
				0CAFD7DD2A9B61900009D70E /* PBXTargetDependency */,
			);
			name = ZupagoUITests;
			productName = ZupagoUITests;
			productReference = 0CAFD7DB2A9B61900009D70E /* ZupagoUITests.xctest */;
			productType = "com.apple.product-type.bundle.ui-testing";
		};
/* End PBXNativeTarget section */

/* Begin PBXProject section */
		0CAFD7B92A9B618F0009D70E /* Project object */ = {
			isa = PBXProject;
			attributes = {
				BuildIndependentTargetsInParallel = 1;
				LastSwiftUpdateCheck = 1430;
				LastUpgradeCheck = 1430;
				TargetAttributes = {
					0CAFD7C02A9B618F0009D70E = {
						CreatedOnToolsVersion = 14.3;
					};
					0CAFD7D02A9B61900009D70E = {
						CreatedOnToolsVersion = 14.3;
						TestTargetID = 0CAFD7C02A9B618F0009D70E;
					};
					0CAFD7DA2A9B61900009D70E = {
						CreatedOnToolsVersion = 14.3;
						TestTargetID = 0CAFD7C02A9B618F0009D70E;
					};
				};
			};
			buildConfigurationList = 0CAFD7BC2A9B618F0009D70E /* Build configuration list for PBXProject "Zupago" */;
			compatibilityVersion = "Xcode 14.0";
			developmentRegion = en;
			hasScannedForEncodings = 0;
			knownRegions = (
				en,
				Base,
			);
			mainGroup = 0CAFD7B82A9B618F0009D70E;
			productRefGroup = 0CAFD7C22A9B618F0009D70E /* Products */;
			projectDirPath = "";
			projectRoot = "";
			targets = (
				0CAFD7C02A9B618F0009D70E /* Zupago */,
				0CAFD7D02A9B61900009D70E /* ZupagoTests */,
				0CAFD7DA2A9B61900009D70E /* ZupagoUITests */,
			);
		};
/* End PBXProject section */

/* Begin PBXResourcesBuildPhase section */
		0CAFD7BF2A9B618F0009D70E /* Resources */ = {
			isa = PBXResourcesBuildPhase;
			buildActionMask = 2147483647;
			files = (
				0CAFD7CC2A9B61900009D70E /* Preview Assets.xcassets in Resources */,
				0CAFD7C92A9B61900009D70E /* Assets.xcassets in Resources */,
			);
			runOnlyForDeploymentPostprocessing = 0;
		};
		0CAFD7CF2A9B61900009D70E /* Resources */ = {
			isa = PBXResourcesBuildPhase;
			buildActionMask = 2147483647;
			files = (
			);
			runOnlyForDeploymentPostprocessing = 0;
		};
		0CAFD7D92A9B61900009D70E /* Resources */ = {
			isa = PBXResourcesBuildPhase;
			buildActionMask = 2147483647;
			files = (
			);
			runOnlyForDeploymentPostprocessing = 0;
		};
/* End PBXResourcesBuildPhase section */

/* Begin PBXSourcesBuildPhase section */
		0CAFD7BD2A9B618F0009D70E /* Sources */ = {
			isa = PBXSourcesBuildPhase;
			buildActionMask = 2147483647;
			files = (
				0CAFD7C72A9B618F0009D70E /* ContentView.swift in Sources */,
				0CAFD7C52A9B618F0009D70E /* ZupagoApp.swift in Sources */,
			);
			runOnlyForDeploymentPostprocessing = 0;
		};
		0CAFD7CD2A9B61900009D70E /* Sources */ = {
			isa = PBXSourcesBuildPhase;
			buildActionMask = 2147483647;
			files = (
				0CAFD7D62A9B61900009D70E /* ZupagoTests.swift in Sources */,
			);
			runOnlyForDeploymentPostprocessing = 0;
		};
		0CAFD7D72A9B61900009D70E /* Sources */ = {
			isa = PBXSourcesBuildPhase;
			buildActionMask = 2147483647;
			files = (
				0CAFD7E22A9B61900009D70E /* ZupagoUITestsLaunchTests.swift in Sources */,
				0CAFD7E02A9B61900009D70E /* ZupagoUITests.swift in Sources */,
			);
			runOnlyForDeploymentPostprocessing = 0;
		};
/* End PBXSourcesBuildPhase section */

/* Begin PBXTargetDependency section */
		0CAFD7D32A9B61900009D70E /* PBXTargetDependency */ = {
			isa = PBXTargetDependency;
			target = 0CAFD7C02A9B618F0009D70E /* Zupago */;
			targetProxy = 0CAFD7D22A9B61900009D70E /* PBXContainerItemProxy */;
		};
		0CAFD7DD2A9B61900009D70E /* PBXTargetDependency */ = {
			isa = PBXTargetDependency;
			target = 0CAFD7C02A9B618F0009D70E /* Zupago */;
			targetProxy = 0CAFD7DC2A9B61900009D70E /* PBXContainerItemProxy */;
		};
/* End PBXTargetDependency section */

/* Begin XCBuildConfiguration section */
		0CAFD7E32A9B61900009D70E /* Debug */ = {
			isa = XCBuildConfiguration;
			buildSettings = {
				ALWAYS_SEARCH_USER_PATHS = NO;
				CLANG_ANALYZER_NONNULL = YES;
				CLANG_ANALYZER_NUMBER_OBJECT_CONVERSION = YES_AGGRESSIVE;
				CLANG_CXX_LANGUAGE_STANDARD = "gnu++20";
				CLANG_ENABLE_MODULES = YES;
				CLANG_ENABLE_OBJC_ARC = YES;
				CLANG_ENABLE_OBJC_WEAK = YES;
				CLANG_WARN_BLOCK_CAPTURE_AUTORELEASING = YES;
				CLANG_WARN_BOOL_CONVERSION = YES;
				CLANG_WARN_COMMA = YES;
				CLANG_WARN_CONSTANT_CONVERSION = YES;
				CLANG_WARN_DEPRECATED_OBJC_IMPLEMENTATIONS = YES;
				CLANG_WARN_DIRECT_OBJC_ISA_USAGE = YES_ERROR;
				CLANG_WARN_DOCUMENTATION_COMMENTS = YES;
				CLANG_WARN_EMPTY_BODY = YES;
				CLANG_WARN_ENUM_CONVERSION = YES;
				CLANG_WARN_INFINITE_RECURSION = YES;
				CLANG_WARN_INT_CONVERSION = YES;
				CLANG_WARN_NON_LITERAL_NULL_CONVERSION = YES;
				CLANG_WARN_OBJC_IMPLICIT_RETAIN_SELF = YES;
				CLANG_WARN_OBJC_LITERAL_CONVERSION = YES;
				CLANG_WARN_OBJC_ROOT_CLASS = YES_ERROR;
				CLANG_WARN_QUOTED_INCLUDE_IN_FRAMEWORK_HEADER = YES;
				CLANG_WARN_RANGE_LOOP_ANALYSIS = YES;
				CLANG_WARN_STRICT_PROTOTYPES = YES;
				CLANG_WARN_SUSPICIOUS_MOVE = YES;
				CLANG_WARN_UNGUARDED_AVAILABILITY = YES_AGGRESSIVE;
				CLANG_WARN_UNREACHABLE_CODE = YES;
				CLANG_WARN__DUPLICATE_METHOD_MATCH = YES;
				COPY_PHASE_STRIP = NO;
				DEBUG_INFORMATION_FORMAT = dwarf;
				ENABLE_STRICT_OBJC_MSGSEND = YES;
				ENABLE_TESTABILITY = YES;
				GCC_C_LANGUAGE_STANDARD = gnu11;
				GCC_DYNAMIC_NO_PIC = NO;
				GCC_NO_COMMON_BLOCKS = YES;
				GCC_OPTIMIZATION_LEVEL = 0;
				GCC_PREPROCESSOR_DEFINITIONS = (
					"DEBUG=1",
					"$(inherited)",
				);
				GCC_WARN_64_TO_32_BIT_CONVERSION = YES;
				GCC_WARN_ABOUT_RETURN_TYPE = YES_ERROR;
				GCC_WARN_UNDECLARED_SELECTOR = YES;
				GCC_WARN_UNINITIALIZED_AUTOS = YES_AGGRESSIVE;
				GCC_WARN_UNUSED_FUNCTION = YES;
				GCC_WARN_UNUSED_VARIABLE = YES;
				IPHONEOS_DEPLOYMENT_TARGET = 16.4;
				MTL_ENABLE_DEBUG_INFO = INCLUDE_SOURCE;
				MTL_FAST_MATH = YES;
				ONLY_ACTIVE_ARCH = YES;
				SDKROOT = iphoneos;
				SWIFT_ACTIVE_COMPILATION_CONDITIONS = DEBUG;
				SWIFT_OPTIMIZATION_LEVEL = "-Onone";
			};
			name = Debug;
		};
		0CAFD7E42A9B61900009D70E /* Release */ = {
			isa = XCBuildConfiguration;
			buildSettings = {
				ALWAYS_SEARCH_USER_PATHS = NO;
				CLANG_ANALYZER_NONNULL = YES;
				CLANG_ANALYZER_NUMBER_OBJECT_CONVERSION = YES_AGGRESSIVE;
				CLANG_CXX_LANGUAGE_STANDARD = "gnu++20";
				CLANG_ENABLE_MODULES = YES;
				CLANG_ENABLE_OBJC_ARC = YES;
				CLANG_ENABLE_OBJC_WEAK = YES;
				CLANG_WARN_BLOCK_CAPTURE_AUTORELEASING = YES;
				CLANG_WARN_BOOL_CONVERSION = YES;
				CLANG_WARN_COMMA = YES;
				CLANG_WARN_CONSTANT_CONVERSION = YES;
				CLANG_WARN_DEPRECATED_OBJC_IMPLEMENTATIONS = YES;
				CLANG_WARN_DIRECT_OBJC_ISA_USAGE = YES_ERROR;
				CLANG_WARN_DOCUMENTATION_COMMENTS = YES;
				CLANG_WARN_EMPTY_BODY = YES;
				CLANG_WARN_ENUM_CONVERSION = YES;
				CLANG_WARN_INFINITE_RECURSION = YES;
				CLANG_WARN_INT_CONVERSION = YES;
				CLANG_WARN_NON_LITERAL_NULL_CONVERSION = YES;
				CLANG_WARN_OBJC_IMPLICIT_RETAIN_SELF = YES;
				CLANG_WARN_OBJC_LITERAL_CONVERSION = YES;
				CLANG_WARN_OBJC_ROOT_CLASS = YES_ERROR;
				CLANG_WARN_QUOTED_INCLUDE_IN_FRAMEWORK_HEADER = YES;
				CLANG_WARN_RANGE_LOOP_ANALYSIS = YES;
				CLANG_WARN_STRICT_PROTOTYPES = YES;
				CLANG_WARN_SUSPICIOUS_MOVE = YES;
				CLANG_WARN_UNGUARDED_AVAILABILITY = YES_AGGRESSIVE;
				CLANG_WARN_UNREACHABLE_CODE = YES;
				CLANG_WARN__DUPLICATE_METHOD_MATCH = YES;
				COPY_PHASE_STRIP = NO;
				DEBUG_INFORMATION_FORMAT = "dwarf-with-dsym";
				ENABLE_NS_ASSERTIONS = NO;
				ENABLE_STRICT_OBJC_MSGSEND = YES;
				GCC_C_LANGUAGE_STANDARD = gnu11;
				GCC_NO_COMMON_BLOCKS = YES;
				GCC_WARN_64_TO_32_BIT_CONVERSION = YES;
				GCC_WARN_ABOUT_RETURN_TYPE = YES_ERROR;
				GCC_WARN_UNDECLARED_SELECTOR = YES;
				GCC_WARN_UNINITIALIZED_AUTOS = YES_AGGRESSIVE;
				GCC_WARN_UNUSED_FUNCTION = YES;
				GCC_WARN_UNUSED_VARIABLE = YES;
				IPHONEOS_DEPLOYMENT_TARGET = 16.4;
				MTL_ENABLE_DEBUG_INFO = NO;
				MTL_FAST_MATH = YES;
				SDKROOT = iphoneos;
				SWIFT_COMPILATION_MODE = wholemodule;
				SWIFT_OPTIMIZATION_LEVEL = "-O";
				VALIDATE_PRODUCT = YES;
			};
			name = Release;
		};
		0CAFD7E62A9B61900009D70E /* Debug */ = {
			isa = XCBuildConfiguration;
			buildSettings = {
				ASSETCATALOG_COMPILER_APPICON_NAME = AppIcon;
				ASSETCATALOG_COMPILER_GLOBAL_ACCENT_COLOR_NAME = AccentColor;
				CODE_SIGN_STYLE = Automatic;
				CURRENT_PROJECT_VERSION = 1;
				DEVELOPMENT_ASSET_PATHS = "\"Zupago/Preview Content\"";
				DEVELOPMENT_TEAM = ABK2TMF98V;
				ENABLE_PREVIEWS = YES;
				GENERATE_INFOPLIST_FILE = YES;
				INFOPLIST_KEY_UIApplicationSceneManifest_Generation = YES;
				INFOPLIST_KEY_UIApplicationSupportsIndirectInputEvents = YES;
				INFOPLIST_KEY_UILaunchScreen_Generation = YES;
				INFOPLIST_KEY_UISupportedInterfaceOrientations_iPad = "UIInterfaceOrientationPortrait UIInterfaceOrientationPortraitUpsideDown UIInterfaceOrientationLandscapeLeft UIInterfaceOrientationLandscapeRight";
				INFOPLIST_KEY_UISupportedInterfaceOrientations_iPhone = "UIInterfaceOrientationPortrait UIInterfaceOrientationLandscapeLeft UIInterfaceOrientationLandscapeRight";
				LD_RUNPATH_SEARCH_PATHS = (
					"$(inherited)",
					"@executable_path/Frameworks",
				);
				MARKETING_VERSION = 1.0;
				PRODUCT_BUNDLE_IDENTIFIER = com.david.Zupago;
				PRODUCT_NAME = "$(TARGET_NAME)";
				SWIFT_EMIT_LOC_STRINGS = YES;
				SWIFT_VERSION = 5.0;
				TARGETED_DEVICE_FAMILY = "1,2";
			};
			name = Debug;
		};
		0CAFD7E72A9B61900009D70E /* Release */ = {
			isa = XCBuildConfiguration;
			buildSettings = {
				ASSETCATALOG_COMPILER_APPICON_NAME = AppIcon;
				ASSETCATALOG_COMPILER_GLOBAL_ACCENT_COLOR_NAME = AccentColor;
				CODE_SIGN_STYLE = Automatic;
				CURRENT_PROJECT_VERSION = 1;
				DEVELOPMENT_ASSET_PATHS = "\"Zupago/Preview Content\"";
				DEVELOPMENT_TEAM = ABK2TMF98V;
				ENABLE_PREVIEWS = YES;
				GENERATE_INFOPLIST_FILE = YES;
				INFOPLIST_KEY_UIApplicationSceneManifest_Generation = YES;
				INFOPLIST_KEY_UIApplicationSupportsIndirectInputEvents = YES;
				INFOPLIST_KEY_UILaunchScreen_Generation = YES;
				INFOPLIST_KEY_UISupportedInterfaceOrientations_iPad = "UIInterfaceOrientationPortrait UIInterfaceOrientationPortraitUpsideDown UIInterfaceOrientationLandscapeLeft UIInterfaceOrientationLandscapeRight";
				INFOPLIST_KEY_UISupportedInterfaceOrientations_iPhone = "UIInterfaceOrientationPortrait UIInterfaceOrientationLandscapeLeft UIInterfaceOrientationLandscapeRight";
				LD_RUNPATH_SEARCH_PATHS = (
					"$(inherited)",
					"@executable_path/Frameworks",
				);
				MARKETING_VERSION = 1.0;
				PRODUCT_BUNDLE_IDENTIFIER = com.david.Zupago;
				PRODUCT_NAME = "$(TARGET_NAME)";
				SWIFT_EMIT_LOC_STRINGS = YES;
				SWIFT_VERSION = 5.0;
				TARGETED_DEVICE_FAMILY = "1,2";
			};
			name = Release;
		};
		0CAFD7E92A9B61900009D70E /* Debug */ = {
			isa = XCBuildConfiguration;
			buildSettings = {
				ALWAYS_EMBED_SWIFT_STANDARD_LIBRARIES = YES;
				BUNDLE_LOADER = "$(TEST_HOST)";
				CODE_SIGN_STYLE = Automatic;
				CURRENT_PROJECT_VERSION = 1;
				DEVELOPMENT_TEAM = ABK2TMF98V;
				GENERATE_INFOPLIST_FILE = YES;
				IPHONEOS_DEPLOYMENT_TARGET = 16.4;
				MARKETING_VERSION = 1.0;
				PRODUCT_BUNDLE_IDENTIFIER = com.david.ZupagoTests;
				PRODUCT_NAME = "$(TARGET_NAME)";
				SWIFT_EMIT_LOC_STRINGS = NO;
				SWIFT_VERSION = 5.0;
				TARGETED_DEVICE_FAMILY = "1,2";
				TEST_HOST = "$(BUILT_PRODUCTS_DIR)/Zupago.app/$(BUNDLE_EXECUTABLE_FOLDER_PATH)/Zupago";
			};
			name = Debug;
		};
		0CAFD7EA2A9B61900009D70E /* Release */ = {
			isa = XCBuildConfiguration;
			buildSettings = {
				ALWAYS_EMBED_SWIFT_STANDARD_LIBRARIES = YES;
				BUNDLE_LOADER = "$(TEST_HOST)";
				CODE_SIGN_STYLE = Automatic;
				CURRENT_PROJECT_VERSION = 1;
				DEVELOPMENT_TEAM = ABK2TMF98V;
				GENERATE_INFOPLIST_FILE = YES;
				IPHONEOS_DEPLOYMENT_TARGET = 16.4;
				MARKETING_VERSION = 1.0;
				PRODUCT_BUNDLE_IDENTIFIER = com.david.ZupagoTests;
				PRODUCT_NAME = "$(TARGET_NAME)";
				SWIFT_EMIT_LOC_STRINGS = NO;
				SWIFT_VERSION = 5.0;
				TARGETED_DEVICE_FAMILY = "1,2";
				TEST_HOST = "$(BUILT_PRODUCTS_DIR)/Zupago.app/$(BUNDLE_EXECUTABLE_FOLDER_PATH)/Zupago";
			};
			name = Release;
		};
		0CAFD7EC2A9B61900009D70E /* Debug */ = {
			isa = XCBuildConfiguration;
			buildSettings = {
				ALWAYS_EMBED_SWIFT_STANDARD_LIBRARIES = YES;
				CODE_SIGN_STYLE = Automatic;
				CURRENT_PROJECT_VERSION = 1;
				DEVELOPMENT_TEAM = ABK2TMF98V;
				GENERATE_INFOPLIST_FILE = YES;
				MARKETING_VERSION = 1.0;
				PRODUCT_BUNDLE_IDENTIFIER = com.david.ZupagoUITests;
				PRODUCT_NAME = "$(TARGET_NAME)";
				SWIFT_EMIT_LOC_STRINGS = NO;
				SWIFT_VERSION = 5.0;
				TARGETED_DEVICE_FAMILY = "1,2";
				TEST_TARGET_NAME = Zupago;
			};
			name = Debug;
		};
		0CAFD7ED2A9B61900009D70E /* Release */ = {
			isa = XCBuildConfiguration;
			buildSettings = {
				ALWAYS_EMBED_SWIFT_STANDARD_LIBRARIES = YES;
				CODE_SIGN_STYLE = Automatic;
				CURRENT_PROJECT_VERSION = 1;
				DEVELOPMENT_TEAM = ABK2TMF98V;
				GENERATE_INFOPLIST_FILE = YES;
				MARKETING_VERSION = 1.0;
				PRODUCT_BUNDLE_IDENTIFIER = com.david.ZupagoUITests;
				PRODUCT_NAME = "$(TARGET_NAME)";
				SWIFT_EMIT_LOC_STRINGS = NO;
				SWIFT_VERSION = 5.0;
				TARGETED_DEVICE_FAMILY = "1,2";
				TEST_TARGET_NAME = Zupago;
			};
			name = Release;
		};
/* End XCBuildConfiguration section */

/* Begin XCConfigurationList section */
		0CAFD7BC2A9B618F0009D70E /* Build configuration list for PBXProject "Zupago" */ = {
			isa = XCConfigurationList;
			buildConfigurations = (
				0CAFD7E32A9B61900009D70E /* Debug */,
				0CAFD7E42A9B61900009D70E /* Release */,
			);
			defaultConfigurationIsVisible = 0;
			defaultConfigurationName = Release;
		};
		0CAFD7E52A9B61900009D70E /* Build configuration list for PBXNativeTarget "Zupago" */ = {
			isa = XCConfigurationList;
			buildConfigurations = (
				0CAFD7E62A9B61900009D70E /* Debug */,
				0CAFD7E72A9B61900009D70E /* Release */,
			);
			defaultConfigurationIsVisible = 0;
			defaultConfigurationName = Release;
		};
		0CAFD7E82A9B61900009D70E /* Build configuration list for PBXNativeTarget "ZupagoTests" */ = {
			isa = XCConfigurationList;
			buildConfigurations = (
				0CAFD7E92A9B61900009D70E /* Debug */,
				0CAFD7EA2A9B61900009D70E /* Release */,
			);
			defaultConfigurationIsVisible = 0;
			defaultConfigurationName = Release;
		};
		0CAFD7EB2A9B61900009D70E /* Build configuration list for PBXNativeTarget "ZupagoUITests" */ = {
			isa = XCConfigurationList;
			buildConfigurations = (
				0CAFD7EC2A9B61900009D70E /* Debug */,
				0CAFD7ED2A9B61900009D70E /* Release */,
			);
			defaultConfigurationIsVisible = 0;
			defaultConfigurationName = Release;
		};
/* End XCConfigurationList section */
	};
	rootObject = 0CAFD7B92A9B618F0009D70E /* Project object */;
}
